
Microsoft Visual Studio Solution File, Format Version 12.00
# Visual Studio Version 17
VisualStudioVersion = 17.8.34330.188
MinimumVisualStudioVersion = 10.0.40219.1
Project("{9A19103F-16F7-4668-BE54-9A1E7A4F7556}") = "ConcurrentTasks", "ConcurrentTasks\ConcurrentTasks.csproj", "{6C4369B1-D1F9-4781-956D-DF57A07AF6AD}"
EndProject
Project("{9A19103F-16F7-4668-BE54-9A1E7A4F7556}") = "HelloWorldLibrary", "HelloWorldLibrary\HelloWorldLibrary.csproj", "{D1DE47FE-08AA-42A5-810B-56227ABFEB2E}"
EndProject
Project("{9A19103F-16F7-4668-BE54-9A1E7A4F7556}") = "HelloWorldTests", "HelloWorldTests\HelloWorldTests.csproj", "{99B14E60-47FB-4311-8520-66434E9741EB}"
EndProject
Project("{9A19103F-16F7-4668-BE54-9A1E7A4F7556}") = "UltimateHelloWorldApp", "UltimateHelloWorldApp\UltimateHelloWorldApp.csproj", "{148E53EA-D568-4E47-85B9-A6FE3AD282E8}"
EndProject
Project("{9A19103F-16F7-4668-BE54-9A1E7A4F7556}") = "FactoryPattern", "FactoryPattern\FactoryPattern.csproj", "{69354E95-455F-4156-B107-69A6A506550B}"
EndProject
Project("{9A19103F-16F7-4668-BE54-9A1E7A4F7556}") = "DataAccess", "DataAccess\DataAccess.csproj", "{339CEB81-9A25-4B60-BDAB-7B56B5675578}"
EndProject
Project("{9A19103F-16F7-4668-BE54-9A1E7A4F7556}") = "DataAccessAPI", "DataAccessAPI\DataAccessAPI.csproj", "{04F825FA-7CD4-416D-8773-EFC3441B2880}"
EndProject
Project("{9A19103F-16F7-4668-BE54-9A1E7A4F7556}") = "RazorTest", "RazorTest\RazorTest.csproj", "{F9B1C70F-517C-437E-9DD4-897EB1125C8B}"
EndProject
Project("{9A19103F-16F7-4668-BE54-9A1E7A4F7556}") = "web-api-tutorial", "web-api-tutorial\web-api-tutorial.csproj", "{BF7F6063-879E-4970-931B-17319B6528CC}"
EndProject
Project("{FAE04EC0-301F-11D3-BF4B-00C04F79EFBC}") = "WolverineMqttDemo", "WolverineMqttDemo\WolverineMqttDemo.csproj", "{7E5E8630-9F8B-446E-A329-CF2E03A541E3}"
EndProject
Project("{FAE04EC0-301F-11D3-BF4B-00C04F79EFBC}") = "RepositoryPatternDapper", "RepositoryPatternDapper\RepositoryPatternDapper.csproj", "{24E194EA-612D-43DC-8571-A03DB656B019}"
EndProject
Project("{FAE04EC0-301F-11D3-BF4B-00C04F79EFBC}") = "TestContainerExampleTests", "TestContainerExampleTests\TestContainerExampleTests.csproj", "{C825E967-6CF6-43AA-88DE-CA949ED59AF7}"
EndProject
Project("{FAE04EC0-301F-11D3-BF4B-00C04F79EFBC}") = "RepositoryPatternEntityFramework", "RepositoryPatternEntityFramework\RepositoryPatternEntityFramework.csproj", "{595A58FE-D196-490D-A93F-5C23D124CDBC}"
EndProject
Project("{2150E333-8FDC-42A3-9474-1A3956D46DE8}") = "dotnet", "dotnet", "{B6B514A5-E77E-4D18-8965-9B537853606A}"
EndProject
Project("{2150E333-8FDC-42A3-9474-1A3956D46DE8}") = "csharp", "csharp", "{2B31C12E-D0B0-483D-AC00-934347942319}"
EndProject
Project("{2150E333-8FDC-42A3-9474-1A3956D46DE8}") = "UltimateHelloWord", "UltimateHelloWord", "{21591908-0641-4C82-BB76-733D6E59A686}"
EndProject
Project("{2150E333-8FDC-42A3-9474-1A3956D46DE8}") = "Repository Pattern", "Repository Pattern", "{063257B9-9C05-4164-9830-62E29C70CA0E}"
EndProject
Project("{FAE04EC0-301F-11D3-BF4B-00C04F79EFBC}") = "OpenTelemetryDemo", "OpenTelemetryDemo\OpenTelemetryDemo.csproj", "{DAC868ED-5AC1-4361-A046-09C6376BE06D}"
EndProject
Project("{2150E333-8FDC-42A3-9474-1A3956D46DE8}") = "Solution Items", "Solution Items", "{93E3CF6E-FD10-424F-8DCE-E71954A40330}"
EndProject
Project("{2150E333-8FDC-42A3-9474-1A3956D46DE8}") = "Open Telemetry", "Open Telemetry", "{3F319987-92F9-4218-83D6-8259BEE1163F}"
EndProject
Project("{2150E333-8FDC-42A3-9474-1A3956D46DE8}") = "Aspire Dashboard", "Aspire Dashboard", "{5C53512B-3296-418B-BBD1-E219B1B94E78}"
EndProject
Project("{2150E333-8FDC-42A3-9474-1A3956D46DE8}") = "Caching", "Caching", "{9E05F4E2-C414-4492-B556-EC4BA20D7040}"
EndProject
Project("{2150E333-8FDC-42A3-9474-1A3956D46DE8}") = "Redis Demo", "Redis Demo", "{BFE72639-B3F2-423A-9308-5CE0D022BC94}"
EndProject
Project("{FAE04EC0-301F-11D3-BF4B-00C04F79EFBC}") = "CachedDecoratorPattern", "CachedDecoratorPattern\CachedDecoratorPattern.csproj", "{9256F76F-FF50-4874-B5B4-79A644448B2B}"
EndProject
Project("{FAE04EC0-301F-11D3-BF4B-00C04F79EFBC}") = "RedisCachingDemo", "RedisCachingDemo\RedisCachingDemo.csproj", "{115C3D76-E8AB-4B64-856E-1886CC984886}"
EndProject
Project("{2150E333-8FDC-42A3-9474-1A3956D46DE8}") = "Message Queues", "Message Queues", "{6205F68B-7C43-4250-956E-D8D7300965B6}"
EndProject
Project("{FAE04EC0-301F-11D3-BF4B-00C04F79EFBC}") = "WolverineRabbitDemo", "WolverineRabbitDemo\WolverineRabbitDemo.csproj", "{5DCDAB93-8BDA-404E-82F9-1A0A355A6359}"
EndProject
Project("{2150E333-8FDC-42A3-9474-1A3956D46DE8}") = "Service Mesh", "Service Mesh", "{A414EB94-A814-45EF-B15E-3CBBFD86CDFC}"
EndProject
Project("{2150E333-8FDC-42A3-9474-1A3956D46DE8}") = "Consul", "Consul", "{86F89FB6-1581-4A46-B8F2-061F9BCB1596}"
EndProject
Project("{FAE04EC0-301F-11D3-BF4B-00C04F79EFBC}") = "GrafanaStackSandbox", "GrafanaStackSandbox\GrafanaStackSandbox.csproj", "{DE18D55A-274C-4370-87ED-BF67D2A82487}"
EndProject
Project("{FAE04EC0-301F-11D3-BF4B-00C04F79EFBC}") = "DefaultWebAPI", "DefaultWebAPI\DefaultWebAPI.csproj", "{F46EEA4B-7157-439C-AC89-AD58261B9111}"
EndProject
Project("{2150E333-8FDC-42A3-9474-1A3956D46DE8}") = "Grafana Stack", "Grafana Stack", "{B6A09C96-8D10-4603-9C35-CAFDB2CE281C}"
EndProject
Project("{FAE04EC0-301F-11D3-BF4B-00C04F79EFBC}") = "WeatherApp", "WeatherApp\WeatherApp.csproj", "{DD8FF1F9-F12A-4AF3-BC00-B6E0081A233D}"
EndProject
Project("{2150E333-8FDC-42A3-9474-1A3956D46DE8}") = "Seq", "Seq", "{9B2DC1F7-E82D-430C-8C22-47398834496E}"
EndProject
Project("{FAE04EC0-301F-11D3-BF4B-00C04F79EFBC}") = "SeqDemo", "SeqDemo\SeqDemo.csproj", "{6E191DCC-2BC1-4432-B807-CC77797112E1}"
EndProject
Project("{FAE04EC0-301F-11D3-BF4B-00C04F79EFBC}") = "OpenTelemetryCommon", "OpenTelemetryCommon\OpenTelemetryCommon.csproj", "{FCDE323F-FD00-40E9-91E3-2314A8252017}"
EndProject
Project("{FAE04EC0-301F-11D3-BF4B-00C04F79EFBC}") = "WeatherAlertReporting", "WeatherAlertReporting\WeatherAlertReporting.csproj", "{EE583E74-DA60-4FEA-82A4-A4D9FAE2B4BA}"
EndProject
Project("{FAE04EC0-301F-11D3-BF4B-00C04F79EFBC}") = "MessageRelay", "MessageRelay\MessageRelay.csproj", "{CFF48EF0-1704-41FD-831A-5E85799E3B1E}"
EndProject
Global
	GlobalSection(SolutionConfigurationPlatforms) = preSolution
		Debug|Any CPU = Debug|Any CPU
		Release|Any CPU = Release|Any CPU
	EndGlobalSection
	GlobalSection(ProjectConfigurationPlatforms) = postSolution
		{6C4369B1-D1F9-4781-956D-DF57A07AF6AD}.Debug|Any CPU.ActiveCfg = Debug|Any CPU
		{6C4369B1-D1F9-4781-956D-DF57A07AF6AD}.Debug|Any CPU.Build.0 = Debug|Any CPU
		{6C4369B1-D1F9-4781-956D-DF57A07AF6AD}.Release|Any CPU.ActiveCfg = Release|Any CPU
		{6C4369B1-D1F9-4781-956D-DF57A07AF6AD}.Release|Any CPU.Build.0 = Release|Any CPU
		{D1DE47FE-08AA-42A5-810B-56227ABFEB2E}.Debug|Any CPU.ActiveCfg = Debug|Any CPU
		{D1DE47FE-08AA-42A5-810B-56227ABFEB2E}.Debug|Any CPU.Build.0 = Debug|Any CPU
		{D1DE47FE-08AA-42A5-810B-56227ABFEB2E}.Release|Any CPU.ActiveCfg = Release|Any CPU
		{D1DE47FE-08AA-42A5-810B-56227ABFEB2E}.Release|Any CPU.Build.0 = Release|Any CPU
		{99B14E60-47FB-4311-8520-66434E9741EB}.Debug|Any CPU.ActiveCfg = Debug|Any CPU
		{99B14E60-47FB-4311-8520-66434E9741EB}.Debug|Any CPU.Build.0 = Debug|Any CPU
		{99B14E60-47FB-4311-8520-66434E9741EB}.Release|Any CPU.ActiveCfg = Release|Any CPU
		{99B14E60-47FB-4311-8520-66434E9741EB}.Release|Any CPU.Build.0 = Release|Any CPU
		{148E53EA-D568-4E47-85B9-A6FE3AD282E8}.Debug|Any CPU.ActiveCfg = Debug|Any CPU
		{148E53EA-D568-4E47-85B9-A6FE3AD282E8}.Debug|Any CPU.Build.0 = Debug|Any CPU
		{148E53EA-D568-4E47-85B9-A6FE3AD282E8}.Release|Any CPU.ActiveCfg = Release|Any CPU
		{148E53EA-D568-4E47-85B9-A6FE3AD282E8}.Release|Any CPU.Build.0 = Release|Any CPU
		{69354E95-455F-4156-B107-69A6A506550B}.Debug|Any CPU.ActiveCfg = Debug|Any CPU
		{69354E95-455F-4156-B107-69A6A506550B}.Debug|Any CPU.Build.0 = Debug|Any CPU
		{69354E95-455F-4156-B107-69A6A506550B}.Release|Any CPU.ActiveCfg = Release|Any CPU
		{69354E95-455F-4156-B107-69A6A506550B}.Release|Any CPU.Build.0 = Release|Any CPU
		{339CEB81-9A25-4B60-BDAB-7B56B5675578}.Debug|Any CPU.ActiveCfg = Debug|Any CPU
		{339CEB81-9A25-4B60-BDAB-7B56B5675578}.Debug|Any CPU.Build.0 = Debug|Any CPU
		{339CEB81-9A25-4B60-BDAB-7B56B5675578}.Release|Any CPU.ActiveCfg = Release|Any CPU
		{339CEB81-9A25-4B60-BDAB-7B56B5675578}.Release|Any CPU.Build.0 = Release|Any CPU
		{04F825FA-7CD4-416D-8773-EFC3441B2880}.Debug|Any CPU.ActiveCfg = Debug|Any CPU
		{04F825FA-7CD4-416D-8773-EFC3441B2880}.Debug|Any CPU.Build.0 = Debug|Any CPU
		{04F825FA-7CD4-416D-8773-EFC3441B2880}.Release|Any CPU.ActiveCfg = Release|Any CPU
		{04F825FA-7CD4-416D-8773-EFC3441B2880}.Release|Any CPU.Build.0 = Release|Any CPU
		{F9B1C70F-517C-437E-9DD4-897EB1125C8B}.Debug|Any CPU.ActiveCfg = Debug|Any CPU
		{F9B1C70F-517C-437E-9DD4-897EB1125C8B}.Debug|Any CPU.Build.0 = Debug|Any CPU
		{F9B1C70F-517C-437E-9DD4-897EB1125C8B}.Release|Any CPU.ActiveCfg = Release|Any CPU
		{F9B1C70F-517C-437E-9DD4-897EB1125C8B}.Release|Any CPU.Build.0 = Release|Any CPU
		{BF7F6063-879E-4970-931B-17319B6528CC}.Debug|Any CPU.ActiveCfg = Debug|Any CPU
		{BF7F6063-879E-4970-931B-17319B6528CC}.Debug|Any CPU.Build.0 = Debug|Any CPU
		{BF7F6063-879E-4970-931B-17319B6528CC}.Release|Any CPU.ActiveCfg = Release|Any CPU
		{BF7F6063-879E-4970-931B-17319B6528CC}.Release|Any CPU.Build.0 = Release|Any CPU
		{7E5E8630-9F8B-446E-A329-CF2E03A541E3}.Debug|Any CPU.ActiveCfg = Debug|Any CPU
		{7E5E8630-9F8B-446E-A329-CF2E03A541E3}.Debug|Any CPU.Build.0 = Debug|Any CPU
		{7E5E8630-9F8B-446E-A329-CF2E03A541E3}.Release|Any CPU.ActiveCfg = Release|Any CPU
		{7E5E8630-9F8B-446E-A329-CF2E03A541E3}.Release|Any CPU.Build.0 = Release|Any CPU
		{24E194EA-612D-43DC-8571-A03DB656B019}.Debug|Any CPU.ActiveCfg = Debug|Any CPU
		{24E194EA-612D-43DC-8571-A03DB656B019}.Debug|Any CPU.Build.0 = Debug|Any CPU
		{24E194EA-612D-43DC-8571-A03DB656B019}.Release|Any CPU.ActiveCfg = Release|Any CPU
		{24E194EA-612D-43DC-8571-A03DB656B019}.Release|Any CPU.Build.0 = Release|Any CPU
		{C825E967-6CF6-43AA-88DE-CA949ED59AF7}.Debug|Any CPU.ActiveCfg = Debug|Any CPU
		{C825E967-6CF6-43AA-88DE-CA949ED59AF7}.Debug|Any CPU.Build.0 = Debug|Any CPU
		{C825E967-6CF6-43AA-88DE-CA949ED59AF7}.Release|Any CPU.ActiveCfg = Release|Any CPU
		{C825E967-6CF6-43AA-88DE-CA949ED59AF7}.Release|Any CPU.Build.0 = Release|Any CPU
		{595A58FE-D196-490D-A93F-5C23D124CDBC}.Debug|Any CPU.ActiveCfg = Debug|Any CPU
		{595A58FE-D196-490D-A93F-5C23D124CDBC}.Debug|Any CPU.Build.0 = Debug|Any CPU
		{595A58FE-D196-490D-A93F-5C23D124CDBC}.Release|Any CPU.ActiveCfg = Release|Any CPU
		{595A58FE-D196-490D-A93F-5C23D124CDBC}.Release|Any CPU.Build.0 = Release|Any CPU
		{DAC868ED-5AC1-4361-A046-09C6376BE06D}.Debug|Any CPU.ActiveCfg = Debug|Any CPU
		{DAC868ED-5AC1-4361-A046-09C6376BE06D}.Debug|Any CPU.Build.0 = Debug|Any CPU
		{DAC868ED-5AC1-4361-A046-09C6376BE06D}.Release|Any CPU.ActiveCfg = Release|Any CPU
		{DAC868ED-5AC1-4361-A046-09C6376BE06D}.Release|Any CPU.Build.0 = Release|Any CPU
		{9256F76F-FF50-4874-B5B4-79A644448B2B}.Debug|Any CPU.ActiveCfg = Debug|Any CPU
		{9256F76F-FF50-4874-B5B4-79A644448B2B}.Debug|Any CPU.Build.0 = Debug|Any CPU
		{9256F76F-FF50-4874-B5B4-79A644448B2B}.Release|Any CPU.ActiveCfg = Release|Any CPU
		{9256F76F-FF50-4874-B5B4-79A644448B2B}.Release|Any CPU.Build.0 = Release|Any CPU
		{115C3D76-E8AB-4B64-856E-1886CC984886}.Debug|Any CPU.ActiveCfg = Debug|Any CPU
		{115C3D76-E8AB-4B64-856E-1886CC984886}.Debug|Any CPU.Build.0 = Debug|Any CPU
		{115C3D76-E8AB-4B64-856E-1886CC984886}.Release|Any CPU.ActiveCfg = Release|Any CPU
		{115C3D76-E8AB-4B64-856E-1886CC984886}.Release|Any CPU.Build.0 = Release|Any CPU
		{5DCDAB93-8BDA-404E-82F9-1A0A355A6359}.Debug|Any CPU.ActiveCfg = Debug|Any CPU
		{5DCDAB93-8BDA-404E-82F9-1A0A355A6359}.Debug|Any CPU.Build.0 = Debug|Any CPU
		{5DCDAB93-8BDA-404E-82F9-1A0A355A6359}.Release|Any CPU.ActiveCfg = Release|Any CPU
		{5DCDAB93-8BDA-404E-82F9-1A0A355A6359}.Release|Any CPU.Build.0 = Release|Any CPU
		{DE18D55A-274C-4370-87ED-BF67D2A82487}.Debug|Any CPU.ActiveCfg = Debug|Any CPU
		{DE18D55A-274C-4370-87ED-BF67D2A82487}.Debug|Any CPU.Build.0 = Debug|Any CPU
		{DE18D55A-274C-4370-87ED-BF67D2A82487}.Release|Any CPU.ActiveCfg = Release|Any CPU
		{DE18D55A-274C-4370-87ED-BF67D2A82487}.Release|Any CPU.Build.0 = Release|Any CPU
		{F46EEA4B-7157-439C-AC89-AD58261B9111}.Debug|Any CPU.ActiveCfg = Debug|Any CPU
		{F46EEA4B-7157-439C-AC89-AD58261B9111}.Debug|Any CPU.Build.0 = Debug|Any CPU
		{F46EEA4B-7157-439C-AC89-AD58261B9111}.Release|Any CPU.ActiveCfg = Release|Any CPU
		{F46EEA4B-7157-439C-AC89-AD58261B9111}.Release|Any CPU.Build.0 = Release|Any CPU
		{DD8FF1F9-F12A-4AF3-BC00-B6E0081A233D}.Debug|Any CPU.ActiveCfg = Debug|Any CPU
		{DD8FF1F9-F12A-4AF3-BC00-B6E0081A233D}.Debug|Any CPU.Build.0 = Debug|Any CPU
		{DD8FF1F9-F12A-4AF3-BC00-B6E0081A233D}.Release|Any CPU.ActiveCfg = Release|Any CPU
		{DD8FF1F9-F12A-4AF3-BC00-B6E0081A233D}.Release|Any CPU.Build.0 = Release|Any CPU
		{6E191DCC-2BC1-4432-B807-CC77797112E1}.Debug|Any CPU.ActiveCfg = Debug|Any CPU
		{6E191DCC-2BC1-4432-B807-CC77797112E1}.Debug|Any CPU.Build.0 = Debug|Any CPU
		{6E191DCC-2BC1-4432-B807-CC77797112E1}.Release|Any CPU.ActiveCfg = Release|Any CPU
		{6E191DCC-2BC1-4432-B807-CC77797112E1}.Release|Any CPU.Build.0 = Release|Any CPU
		{FCDE323F-FD00-40E9-91E3-2314A8252017}.Debug|Any CPU.ActiveCfg = Debug|Any CPU
		{FCDE323F-FD00-40E9-91E3-2314A8252017}.Debug|Any CPU.Build.0 = Debug|Any CPU
		{FCDE323F-FD00-40E9-91E3-2314A8252017}.Release|Any CPU.ActiveCfg = Release|Any CPU
		{FCDE323F-FD00-40E9-91E3-2314A8252017}.Release|Any CPU.Build.0 = Release|Any CPU
		{EE583E74-DA60-4FEA-82A4-A4D9FAE2B4BA}.Debug|Any CPU.ActiveCfg = Debug|Any CPU
		{EE583E74-DA60-4FEA-82A4-A4D9FAE2B4BA}.Debug|Any CPU.Build.0 = Debug|Any CPU
		{EE583E74-DA60-4FEA-82A4-A4D9FAE2B4BA}.Release|Any CPU.ActiveCfg = Release|Any CPU
		{EE583E74-DA60-4FEA-82A4-A4D9FAE2B4BA}.Release|Any CPU.Build.0 = Release|Any CPU
		{CFF48EF0-1704-41FD-831A-5E85799E3B1E}.Debug|Any CPU.ActiveCfg = Debug|Any CPU
		{CFF48EF0-1704-41FD-831A-5E85799E3B1E}.Debug|Any CPU.Build.0 = Debug|Any CPU
		{CFF48EF0-1704-41FD-831A-5E85799E3B1E}.Release|Any CPU.ActiveCfg = Release|Any CPU
		{CFF48EF0-1704-41FD-831A-5E85799E3B1E}.Release|Any CPU.Build.0 = Release|Any CPU
	EndGlobalSection
	GlobalSection(SolutionProperties) = preSolution
		HideSolutionNode = FALSE
	EndGlobalSection
	GlobalSection(ExtensibilityGlobals) = postSolution
		SolutionGuid = {100646E2-D87C-4806-A716-1BE32765FD9C}
	EndGlobalSection
	GlobalSection(NestedProjects) = preSolution
		{6C4369B1-D1F9-4781-956D-DF57A07AF6AD} = {2B31C12E-D0B0-483D-AC00-934347942319}
		{339CEB81-9A25-4B60-BDAB-7B56B5675578} = {B6B514A5-E77E-4D18-8965-9B537853606A}
		{04F825FA-7CD4-416D-8773-EFC3441B2880} = {B6B514A5-E77E-4D18-8965-9B537853606A}
		{69354E95-455F-4156-B107-69A6A506550B} = {B6B514A5-E77E-4D18-8965-9B537853606A}
		{F9B1C70F-517C-437E-9DD4-897EB1125C8B} = {B6B514A5-E77E-4D18-8965-9B537853606A}
		{C825E967-6CF6-43AA-88DE-CA949ED59AF7} = {B6B514A5-E77E-4D18-8965-9B537853606A}
		{BF7F6063-879E-4970-931B-17319B6528CC} = {B6B514A5-E77E-4D18-8965-9B537853606A}
		{21591908-0641-4C82-BB76-733D6E59A686} = {B6B514A5-E77E-4D18-8965-9B537853606A}
		{D1DE47FE-08AA-42A5-810B-56227ABFEB2E} = {21591908-0641-4C82-BB76-733D6E59A686}
		{99B14E60-47FB-4311-8520-66434E9741EB} = {21591908-0641-4C82-BB76-733D6E59A686}
		{148E53EA-D568-4E47-85B9-A6FE3AD282E8} = {21591908-0641-4C82-BB76-733D6E59A686}
		{063257B9-9C05-4164-9830-62E29C70CA0E} = {B6B514A5-E77E-4D18-8965-9B537853606A}
		{24E194EA-612D-43DC-8571-A03DB656B019} = {063257B9-9C05-4164-9830-62E29C70CA0E}
		{595A58FE-D196-490D-A93F-5C23D124CDBC} = {063257B9-9C05-4164-9830-62E29C70CA0E}
		{3F319987-92F9-4218-83D6-8259BEE1163F} = {B6B514A5-E77E-4D18-8965-9B537853606A}
		{5C53512B-3296-418B-BBD1-E219B1B94E78} = {3F319987-92F9-4218-83D6-8259BEE1163F}
		{DAC868ED-5AC1-4361-A046-09C6376BE06D} = {5C53512B-3296-418B-BBD1-E219B1B94E78}
		{9E05F4E2-C414-4492-B556-EC4BA20D7040} = {B6B514A5-E77E-4D18-8965-9B537853606A}
		{BFE72639-B3F2-423A-9308-5CE0D022BC94} = {9E05F4E2-C414-4492-B556-EC4BA20D7040}
		{9256F76F-FF50-4874-B5B4-79A644448B2B} = {9E05F4E2-C414-4492-B556-EC4BA20D7040}
		{115C3D76-E8AB-4B64-856E-1886CC984886} = {BFE72639-B3F2-423A-9308-5CE0D022BC94}
		{6205F68B-7C43-4250-956E-D8D7300965B6} = {B6B514A5-E77E-4D18-8965-9B537853606A}
		{7E5E8630-9F8B-446E-A329-CF2E03A541E3} = {6205F68B-7C43-4250-956E-D8D7300965B6}
		{5DCDAB93-8BDA-404E-82F9-1A0A355A6359} = {6205F68B-7C43-4250-956E-D8D7300965B6}
		{A414EB94-A814-45EF-B15E-3CBBFD86CDFC} = {B6B514A5-E77E-4D18-8965-9B537853606A}
		{86F89FB6-1581-4A46-B8F2-061F9BCB1596} = {A414EB94-A814-45EF-B15E-3CBBFD86CDFC}
		{F46EEA4B-7157-439C-AC89-AD58261B9111} = {B6B514A5-E77E-4D18-8965-9B537853606A}
		{B6A09C96-8D10-4603-9C35-CAFDB2CE281C} = {3F319987-92F9-4218-83D6-8259BEE1163F}
		{DD8FF1F9-F12A-4AF3-BC00-B6E0081A233D} = {B6A09C96-8D10-4603-9C35-CAFDB2CE281C}
		{9B2DC1F7-E82D-430C-8C22-47398834496E} = {3F319987-92F9-4218-83D6-8259BEE1163F}
		{DE18D55A-274C-4370-87ED-BF67D2A82487} = {B6A09C96-8D10-4603-9C35-CAFDB2CE281C}
		{6E191DCC-2BC1-4432-B807-CC77797112E1} = {9B2DC1F7-E82D-430C-8C22-47398834496E}
		{FCDE323F-FD00-40E9-91E3-2314A8252017} = {3F319987-92F9-4218-83D6-8259BEE1163F}
		{EE583E74-DA60-4FEA-82A4-A4D9FAE2B4BA} = {B6A09C96-8D10-4603-9C35-CAFDB2CE281C}
		{CFF48EF0-1704-41FD-831A-5E85799E3B1E} = {B6A09C96-8D10-4603-9C35-CAFDB2CE281C}
	EndGlobalSection
EndGlobal
