
Microsoft Visual Studio Solution File, Format Version 12.00
# Visual Studio Version 17
VisualStudioVersion = 17.8.34330.188
MinimumVisualStudioVersion = 10.0.40219.1
Project("{9A19103F-16F7-4668-BE54-9A1E7A4F7556}") = "ConcurrentTasks", "ConcurrentTasks\ConcurrentTasks.csproj", "{6C4369B1-D1F9-4781-956D-DF57A07AF6AD}"
EndProject
Project("{9A19103F-16F7-4668-BE54-9A1E7A4F7556}") = "HelloWorldLibrary", "HelloWorldLibrary\HelloWorldLibrary.csproj", "{D1DE47FE-08AA-42A5-810B-56227ABFEB2E}"
EndProject
Project("{9A19103F-16F7-4668-BE54-9A1E7A4F7556}") = "HelloWorldTests", "HelloWorldTests\HelloWorldTests.csproj", "{99B14E60-47FB-4311-8520-66434E9741EB}"
EndProject
Project("{9A19103F-16F7-4668-BE54-9A1E7A4F7556}") = "UltimateHelloWorldApp", "UltimateHelloWorldApp\UltimateHelloWorldApp.csproj", "{148E53EA-D568-4E47-85B9-A6FE3AD282E8}"
EndProject
Project("{9A19103F-16F7-4668-BE54-9A1E7A4F7556}") = "FactoryPattern", "FactoryPattern\FactoryPattern.csproj", "{69354E95-455F-4156-B107-69A6A506550B}"
EndProject
Project("{9A19103F-16F7-4668-BE54-9A1E7A4F7556}") = "DataAccess", "DataAccess\DataAccess.csproj", "{339CEB81-9A25-4B60-BDAB-7B56B5675578}"
EndProject
Project("{9A19103F-16F7-4668-BE54-9A1E7A4F7556}") = "DataAccessAPI", "DataAccessAPI\DataAccessAPI.csproj", "{04F825FA-7CD4-416D-8773-EFC3441B2880}"
EndProject
Project("{9A19103F-16F7-4668-BE54-9A1E7A4F7556}") = "RazorTest", "RazorTest\RazorTest.csproj", "{F9B1C70F-517C-437E-9DD4-897EB1125C8B}"
EndProject
Project("{9A19103F-16F7-4668-BE54-9A1E7A4F7556}") = "web-api-tutorial", "web-api-tutorial\web-api-tutorial.csproj", "{BF7F6063-879E-4970-931B-17319B6528CC}"
EndProject
Project("{FAE04EC0-301F-11D3-BF4B-00C04F79EFBC}") = "WolverineDemo", "WolverineDemo\WolverineDemo.csproj", "{7E5E8630-9F8B-446E-A329-CF2E03A541E3}"
EndProject
Project("{FAE04EC0-301F-11D3-BF4B-00C04F79EFBC}") = "RepositoryPatternDapper", "RepositoryPatternDapper\RepositoryPatternDapper.csproj", "{24E194EA-612D-43DC-8571-A03DB656B019}"
EndProject
Project("{FAE04EC0-301F-11D3-BF4B-00C04F79EFBC}") = "MyBestPracticesTemplate", "MyBestPracticesTemplate\MyBestPracticesTemplate.csproj", "{504E3290-1DD0-415E-9416-B7BD900CD0B2}"
EndProject
Project("{FAE04EC0-301F-11D3-BF4B-00C04F79EFBC}") = "TestContainerExampleTests", "TestContainerExampleTests\TestContainerExampleTests.csproj", "{C825E967-6CF6-43AA-88DE-CA949ED59AF7}"
EndProject
Project("{FAE04EC0-301F-11D3-BF4B-00C04F79EFBC}") = "RepositoryPatternEntityFramework", "RepositoryPatternEntityFramework\RepositoryPatternEntityFramework.csproj", "{595A58FE-D196-490D-A93F-5C23D124CDBC}"
EndProject
Project("{2150E333-8FDC-42A3-9474-1A3956D46DE8}") = "dotnet", "dotnet", "{B6B514A5-E77E-4D18-8965-9B537853606A}"
EndProject
Project("{2150E333-8FDC-42A3-9474-1A3956D46DE8}") = "csharp", "csharp", "{2B31C12E-D0B0-483D-AC00-934347942319}"
EndProject
Project("{2150E333-8FDC-42A3-9474-1A3956D46DE8}") = "UltimateHelloWord", "UltimateHelloWord", "{21591908-0641-4C82-BB76-733D6E59A686}"
EndProject
Project("{2150E333-8FDC-42A3-9474-1A3956D46DE8}") = "Repository Pattern", "Repository Pattern", "{063257B9-9C05-4164-9830-62E29C70CA0E}"
EndProject
Global
	GlobalSection(SolutionConfigurationPlatforms) = preSolution
		Debug|Any CPU = Debug|Any CPU
		Release|Any CPU = Release|Any CPU
	EndGlobalSection
	GlobalSection(ProjectConfigurationPlatforms) = postSolution
		{6C4369B1-D1F9-4781-956D-DF57A07AF6AD}.Debug|Any CPU.ActiveCfg = Debug|Any CPU
		{6C4369B1-D1F9-4781-956D-DF57A07AF6AD}.Debug|Any CPU.Build.0 = Debug|Any CPU
		{6C4369B1-D1F9-4781-956D-DF57A07AF6AD}.Release|Any CPU.ActiveCfg = Release|Any CPU
		{6C4369B1-D1F9-4781-956D-DF57A07AF6AD}.Release|Any CPU.Build.0 = Release|Any CPU
		{D1DE47FE-08AA-42A5-810B-56227ABFEB2E}.Debug|Any CPU.ActiveCfg = Debug|Any CPU
		{D1DE47FE-08AA-42A5-810B-56227ABFEB2E}.Debug|Any CPU.Build.0 = Debug|Any CPU
		{D1DE47FE-08AA-42A5-810B-56227ABFEB2E}.Release|Any CPU.ActiveCfg = Release|Any CPU
		{D1DE47FE-08AA-42A5-810B-56227ABFEB2E}.Release|Any CPU.Build.0 = Release|Any CPU
		{99B14E60-47FB-4311-8520-66434E9741EB}.Debug|Any CPU.ActiveCfg = Debug|Any CPU
		{99B14E60-47FB-4311-8520-66434E9741EB}.Debug|Any CPU.Build.0 = Debug|Any CPU
		{99B14E60-47FB-4311-8520-66434E9741EB}.Release|Any CPU.ActiveCfg = Release|Any CPU
		{99B14E60-47FB-4311-8520-66434E9741EB}.Release|Any CPU.Build.0 = Release|Any CPU
		{148E53EA-D568-4E47-85B9-A6FE3AD282E8}.Debug|Any CPU.ActiveCfg = Debug|Any CPU
		{148E53EA-D568-4E47-85B9-A6FE3AD282E8}.Debug|Any CPU.Build.0 = Debug|Any CPU
		{148E53EA-D568-4E47-85B9-A6FE3AD282E8}.Release|Any CPU.ActiveCfg = Release|Any CPU
		{148E53EA-D568-4E47-85B9-A6FE3AD282E8}.Release|Any CPU.Build.0 = Release|Any CPU
		{69354E95-455F-4156-B107-69A6A506550B}.Debug|Any CPU.ActiveCfg = Debug|Any CPU
		{69354E95-455F-4156-B107-69A6A506550B}.Debug|Any CPU.Build.0 = Debug|Any CPU
		{69354E95-455F-4156-B107-69A6A506550B}.Release|Any CPU.ActiveCfg = Release|Any CPU
		{69354E95-455F-4156-B107-69A6A506550B}.Release|Any CPU.Build.0 = Release|Any CPU
		{339CEB81-9A25-4B60-BDAB-7B56B5675578}.Debug|Any CPU.ActiveCfg = Debug|Any CPU
		{339CEB81-9A25-4B60-BDAB-7B56B5675578}.Debug|Any CPU.Build.0 = Debug|Any CPU
		{339CEB81-9A25-4B60-BDAB-7B56B5675578}.Release|Any CPU.ActiveCfg = Release|Any CPU
		{339CEB81-9A25-4B60-BDAB-7B56B5675578}.Release|Any CPU.Build.0 = Release|Any CPU
		{04F825FA-7CD4-416D-8773-EFC3441B2880}.Debug|Any CPU.ActiveCfg = Debug|Any CPU
		{04F825FA-7CD4-416D-8773-EFC3441B2880}.Debug|Any CPU.Build.0 = Debug|Any CPU
		{04F825FA-7CD4-416D-8773-EFC3441B2880}.Release|Any CPU.ActiveCfg = Release|Any CPU
		{04F825FA-7CD4-416D-8773-EFC3441B2880}.Release|Any CPU.Build.0 = Release|Any CPU
		{F9B1C70F-517C-437E-9DD4-897EB1125C8B}.Debug|Any CPU.ActiveCfg = Debug|Any CPU
		{F9B1C70F-517C-437E-9DD4-897EB1125C8B}.Debug|Any CPU.Build.0 = Debug|Any CPU
		{F9B1C70F-517C-437E-9DD4-897EB1125C8B}.Release|Any CPU.ActiveCfg = Release|Any CPU
		{F9B1C70F-517C-437E-9DD4-897EB1125C8B}.Release|Any CPU.Build.0 = Release|Any CPU
		{BF7F6063-879E-4970-931B-17319B6528CC}.Debug|Any CPU.ActiveCfg = Debug|Any CPU
		{BF7F6063-879E-4970-931B-17319B6528CC}.Debug|Any CPU.Build.0 = Debug|Any CPU
		{BF7F6063-879E-4970-931B-17319B6528CC}.Release|Any CPU.ActiveCfg = Release|Any CPU
		{BF7F6063-879E-4970-931B-17319B6528CC}.Release|Any CPU.Build.0 = Release|Any CPU
		{7E5E8630-9F8B-446E-A329-CF2E03A541E3}.Debug|Any CPU.ActiveCfg = Debug|Any CPU
		{7E5E8630-9F8B-446E-A329-CF2E03A541E3}.Debug|Any CPU.Build.0 = Debug|Any CPU
		{7E5E8630-9F8B-446E-A329-CF2E03A541E3}.Release|Any CPU.ActiveCfg = Release|Any CPU
		{7E5E8630-9F8B-446E-A329-CF2E03A541E3}.Release|Any CPU.Build.0 = Release|Any CPU
		{24E194EA-612D-43DC-8571-A03DB656B019}.Debug|Any CPU.ActiveCfg = Debug|Any CPU
		{24E194EA-612D-43DC-8571-A03DB656B019}.Debug|Any CPU.Build.0 = Debug|Any CPU
		{24E194EA-612D-43DC-8571-A03DB656B019}.Release|Any CPU.ActiveCfg = Release|Any CPU
		{24E194EA-612D-43DC-8571-A03DB656B019}.Release|Any CPU.Build.0 = Release|Any CPU
		{504E3290-1DD0-415E-9416-B7BD900CD0B2}.Debug|Any CPU.ActiveCfg = Debug|Any CPU
		{504E3290-1DD0-415E-9416-B7BD900CD0B2}.Debug|Any CPU.Build.0 = Debug|Any CPU
		{504E3290-1DD0-415E-9416-B7BD900CD0B2}.Release|Any CPU.ActiveCfg = Release|Any CPU
		{504E3290-1DD0-415E-9416-B7BD900CD0B2}.Release|Any CPU.Build.0 = Release|Any CPU
		{C825E967-6CF6-43AA-88DE-CA949ED59AF7}.Debug|Any CPU.ActiveCfg = Debug|Any CPU
		{C825E967-6CF6-43AA-88DE-CA949ED59AF7}.Debug|Any CPU.Build.0 = Debug|Any CPU
		{C825E967-6CF6-43AA-88DE-CA949ED59AF7}.Release|Any CPU.ActiveCfg = Release|Any CPU
		{C825E967-6CF6-43AA-88DE-CA949ED59AF7}.Release|Any CPU.Build.0 = Release|Any CPU
		{595A58FE-D196-490D-A93F-5C23D124CDBC}.Debug|Any CPU.ActiveCfg = Debug|Any CPU
		{595A58FE-D196-490D-A93F-5C23D124CDBC}.Debug|Any CPU.Build.0 = Debug|Any CPU
		{595A58FE-D196-490D-A93F-5C23D124CDBC}.Release|Any CPU.ActiveCfg = Release|Any CPU
		{595A58FE-D196-490D-A93F-5C23D124CDBC}.Release|Any CPU.Build.0 = Release|Any CPU
	EndGlobalSection
	GlobalSection(SolutionProperties) = preSolution
		HideSolutionNode = FALSE
	EndGlobalSection
	GlobalSection(ExtensibilityGlobals) = postSolution
		SolutionGuid = {100646E2-D87C-4806-A716-1BE32765FD9C}
	EndGlobalSection
	GlobalSection(NestedProjects) = preSolution
		{7E5E8630-9F8B-446E-A329-CF2E03A541E3} = {B6B514A5-E77E-4D18-8965-9B537853606A}
		{6C4369B1-D1F9-4781-956D-DF57A07AF6AD} = {2B31C12E-D0B0-483D-AC00-934347942319}
		{339CEB81-9A25-4B60-BDAB-7B56B5675578} = {B6B514A5-E77E-4D18-8965-9B537853606A}
		{04F825FA-7CD4-416D-8773-EFC3441B2880} = {B6B514A5-E77E-4D18-8965-9B537853606A}
		{69354E95-455F-4156-B107-69A6A506550B} = {B6B514A5-E77E-4D18-8965-9B537853606A}
		{504E3290-1DD0-415E-9416-B7BD900CD0B2} = {B6B514A5-E77E-4D18-8965-9B537853606A}
		{F9B1C70F-517C-437E-9DD4-897EB1125C8B} = {B6B514A5-E77E-4D18-8965-9B537853606A}
		{C825E967-6CF6-43AA-88DE-CA949ED59AF7} = {B6B514A5-E77E-4D18-8965-9B537853606A}
		{BF7F6063-879E-4970-931B-17319B6528CC} = {B6B514A5-E77E-4D18-8965-9B537853606A}
		{21591908-0641-4C82-BB76-733D6E59A686} = {B6B514A5-E77E-4D18-8965-9B537853606A}
		{D1DE47FE-08AA-42A5-810B-56227ABFEB2E} = {21591908-0641-4C82-BB76-733D6E59A686}
		{99B14E60-47FB-4311-8520-66434E9741EB} = {21591908-0641-4C82-BB76-733D6E59A686}
		{148E53EA-D568-4E47-85B9-A6FE3AD282E8} = {21591908-0641-4C82-BB76-733D6E59A686}
		{063257B9-9C05-4164-9830-62E29C70CA0E} = {B6B514A5-E77E-4D18-8965-9B537853606A}
		{24E194EA-612D-43DC-8571-A03DB656B019} = {063257B9-9C05-4164-9830-62E29C70CA0E}
		{595A58FE-D196-490D-A93F-5C23D124CDBC} = {063257B9-9C05-4164-9830-62E29C70CA0E}
	EndGlobalSection
EndGlobal
